
Microsoft Visual Studio Solution File, Format Version 12.00
Project("{FAE04EC0-301F-11D3-BF4B-00C04F79EFBC}") = "Amazon.Sqs.Extended.Client", "src\Amazon.Sqs.Extended.Client\Amazon.Sqs.Extended.Client.csproj", "{FDED88F9-AB9D-4CBD-9520-63AD54F2EE90}"
EndProject
Project("{FAE04EC0-301F-11D3-BF4B-00C04F79EFBC}") = "Amazon.Sqs.Extended.Client.Tests", "test\Amazon.Sqs.Extended.Client.Tests\Amazon.Sqs.Extended.Client.Tests.csproj", "{B20A97CD-D0AD-41CF-AD3E-1BAEA944B021}"
EndProject
Global
	GlobalSection(SolutionConfigurationPlatforms) = preSolution
		Debug|Any CPU = Debug|Any CPU
		Release|Any CPU = Release|Any CPU
	EndGlobalSection
	GlobalSection(ProjectConfigurationPlatforms) = postSolution
		{FDED88F9-AB9D-4CBD-9520-63AD54F2EE90}.Debug|Any CPU.ActiveCfg = Debug|Any CPU
		{FDED88F9-AB9D-4CBD-9520-63AD54F2EE90}.Debug|Any CPU.Build.0 = Debug|Any CPU
		{FDED88F9-AB9D-4CBD-9520-63AD54F2EE90}.Release|Any CPU.ActiveCfg = Release|Any CPU
		{FDED88F9-AB9D-4CBD-9520-63AD54F2EE90}.Release|Any CPU.Build.0 = Release|Any CPU
		{B20A97CD-D0AD-41CF-AD3E-1BAEA944B021}.Debug|Any CPU.ActiveCfg = Debug|Any CPU
		{B20A97CD-D0AD-41CF-AD3E-1BAEA944B021}.Debug|Any CPU.Build.0 = Debug|Any CPU
		{B20A97CD-D0AD-41CF-AD3E-1BAEA944B021}.Release|Any CPU.ActiveCfg = Release|Any CPU
		{B20A97CD-D0AD-41CF-AD3E-1BAEA944B021}.Release|Any CPU.Build.0 = Release|Any CPU
	EndGlobalSection
EndGlobal
